
Microsoft Visual Studio Solution File, Format Version 12.00
# Visual Studio Version 16
VisualStudioVersion = 16.0.31321.278
MinimumVisualStudioVersion = 10.0.40219.1
Project("{FAE04EC0-301F-11D3-BF4B-00C04F79EFBC}") = "WindowsFormsApp1", "WindowsFormsApp1\WindowsFormsApp1.csproj", "{5DC4928D-24BC-4222-9637-60BCECED3B5F}"
EndProject
Global
	GlobalSection(SolutionConfigurationPlatforms) = preSolution
		Debug|Any CPU = Debug|Any CPU
		Release|Any CPU = Release|Any CPU
	EndGlobalSection
	GlobalSection(ProjectConfigurationPlatforms) = postSolution
		{5DC4928D-24BC-4222-9637-60BCECED3B5F}.Debug|Any CPU.ActiveCfg = Debug|Any CPU
		{5DC4928D-24BC-4222-9637-60BCECED3B5F}.Debug|Any CPU.Build.0 = Debug|Any CPU
		{5DC4928D-24BC-4222-9637-60BCECED3B5F}.Release|Any CPU.ActiveCfg = Release|Any CPU
		{5DC4928D-24BC-4222-9637-60BCECED3B5F}.Release|Any CPU.Build.0 = Release|Any CPU
	EndGlobalSection
	GlobalSection(SolutionProperties) = preSolution
		HideSolutionNode = FALSE
	EndGlobalSection
	GlobalSection(ExtensibilityGlobals) = postSolution
		SolutionGuid = {BC20A092-44E2-422C-820A-762520BCB892}
	EndGlobalSection
EndGlobal
